
Microsoft Visual Studio Solution File, Format Version 12.00
# Visual Studio Version 17
VisualStudioVersion = 17.9.34723.18
MinimumVisualStudioVersion = 10.0.40219.1
Project("{2150E333-8FDC-42A3-9474-1A3956D46DE8}") = "1.Domain", "1.Domain", "{52755661-BD77-4122-A447-335B8A87F67C}"
EndProject
Project("{2150E333-8FDC-42A3-9474-1A3956D46DE8}") = "2.Application", "2.Application", "{77F5BB6D-2E52-45EF-BA2C-455712C639EA}"
EndProject
Project("{2150E333-8FDC-42A3-9474-1A3956D46DE8}") = "3.Infrastructure", "3.Infrastructure", "{DB58CFD3-1947-4611-A3C8-081503112845}"
EndProject
Project("{2150E333-8FDC-42A3-9474-1A3956D46DE8}") = "4.EndPoints", "4.EndPoints", "{F98BDF0B-EDAA-4DA7-9D37-FD385D31DD26}"
EndProject
Project("{FAE04EC0-301F-11D3-BF4B-00C04F79EFBC}") = "CQRS.Domain.Library", "1.Domain\CQRS.Domain.Library\CQRS.Domain.Library.csproj", "{D0BF3DA5-48C9-4BC3-97A9-D2F702201F95}"
EndProject
Project("{FAE04EC0-301F-11D3-BF4B-00C04F79EFBC}") = "CQRS.Application.Library", "2.Application\CQRS.Application.Library\CQRS.Application.Library.csproj", "{385628E4-F892-48A4-B3EE-0130EA246A84}"
EndProject
Project("{2150E333-8FDC-42A3-9474-1A3956D46DE8}") = "CommandsDataAccess", "CommandsDataAccess", "{24BAB9C1-657D-4276-98EB-B682BFBF30C8}"
EndProject
Project("{2150E333-8FDC-42A3-9474-1A3956D46DE8}") = "QueriesDataAccess", "QueriesDataAccess", "{CF069F22-1894-4BFD-A838-6B99F767A60B}"
EndProject
Project("{FAE04EC0-301F-11D3-BF4B-00C04F79EFBC}") = "CQRS.Infrastructure.CommandsDb.Library", "3.Infrastructure\CommandsDataAccess\CQRS.Infrastructure.CommandsDb.Library\CQRS.Infrastructure.CommandsDb.Library.csproj", "{F7AE28DC-E2E6-4F50-85AA-DF989F98E918}"
EndProject
Project("{FAE04EC0-301F-11D3-BF4B-00C04F79EFBC}") = "CQRS.Infrastructure.QueriesDb.Library", "3.Infrastructure\QueriesDataAccess\CQRS.Infrastructure.QueriesDb.Library\CQRS.Infrastructure.QueriesDb.Library.csproj", "{B2595627-C22A-4BD5-A6F7-EADF3E20F116}"
EndProject
Project("{FAE04EC0-301F-11D3-BF4B-00C04F79EFBC}") = "CQRS.WebApi", "4.EndPoints\CQRS.WebApi\CQRS.WebApi.csproj", "{4278C760-FF84-42D1-84F5-310C026C8628}"
EndProject
Global
	GlobalSection(SolutionConfigurationPlatforms) = preSolution
		Debug|Any CPU = Debug|Any CPU
		Release|Any CPU = Release|Any CPU
	EndGlobalSection
	GlobalSection(ProjectConfigurationPlatforms) = postSolution
		{D0BF3DA5-48C9-4BC3-97A9-D2F702201F95}.Debug|Any CPU.ActiveCfg = Debug|Any CPU
		{D0BF3DA5-48C9-4BC3-97A9-D2F702201F95}.Debug|Any CPU.Build.0 = Debug|Any CPU
		{D0BF3DA5-48C9-4BC3-97A9-D2F702201F95}.Release|Any CPU.ActiveCfg = Release|Any CPU
		{D0BF3DA5-48C9-4BC3-97A9-D2F702201F95}.Release|Any CPU.Build.0 = Release|Any CPU
		{385628E4-F892-48A4-B3EE-0130EA246A84}.Debug|Any CPU.ActiveCfg = Debug|Any CPU
		{385628E4-F892-48A4-B3EE-0130EA246A84}.Debug|Any CPU.Build.0 = Debug|Any CPU
		{385628E4-F892-48A4-B3EE-0130EA246A84}.Release|Any CPU.ActiveCfg = Release|Any CPU
		{385628E4-F892-48A4-B3EE-0130EA246A84}.Release|Any CPU.Build.0 = Release|Any CPU
		{F7AE28DC-E2E6-4F50-85AA-DF989F98E918}.Debug|Any CPU.ActiveCfg = Debug|Any CPU
		{F7AE28DC-E2E6-4F50-85AA-DF989F98E918}.Debug|Any CPU.Build.0 = Debug|Any CPU
		{F7AE28DC-E2E6-4F50-85AA-DF989F98E918}.Release|Any CPU.ActiveCfg = Release|Any CPU
		{F7AE28DC-E2E6-4F50-85AA-DF989F98E918}.Release|Any CPU.Build.0 = Release|Any CPU
		{B2595627-C22A-4BD5-A6F7-EADF3E20F116}.Debug|Any CPU.ActiveCfg = Debug|Any CPU
		{B2595627-C22A-4BD5-A6F7-EADF3E20F116}.Debug|Any CPU.Build.0 = Debug|Any CPU
		{B2595627-C22A-4BD5-A6F7-EADF3E20F116}.Release|Any CPU.ActiveCfg = Release|Any CPU
		{B2595627-C22A-4BD5-A6F7-EADF3E20F116}.Release|Any CPU.Build.0 = Release|Any CPU
		{4278C760-FF84-42D1-84F5-310C026C8628}.Debug|Any CPU.ActiveCfg = Debug|Any CPU
		{4278C760-FF84-42D1-84F5-310C026C8628}.Debug|Any CPU.Build.0 = Debug|Any CPU
		{4278C760-FF84-42D1-84F5-310C026C8628}.Release|Any CPU.ActiveCfg = Release|Any CPU
		{4278C760-FF84-42D1-84F5-310C026C8628}.Release|Any CPU.Build.0 = Release|Any CPU
	EndGlobalSection
	GlobalSection(SolutionProperties) = preSolution
		HideSolutionNode = FALSE
	EndGlobalSection
	GlobalSection(NestedProjects) = preSolution
		{D0BF3DA5-48C9-4BC3-97A9-D2F702201F95} = {52755661-BD77-4122-A447-335B8A87F67C}
		{385628E4-F892-48A4-B3EE-0130EA246A84} = {77F5BB6D-2E52-45EF-BA2C-455712C639EA}
		{24BAB9C1-657D-4276-98EB-B682BFBF30C8} = {DB58CFD3-1947-4611-A3C8-081503112845}
		{CF069F22-1894-4BFD-A838-6B99F767A60B} = {DB58CFD3-1947-4611-A3C8-081503112845}
		{F7AE28DC-E2E6-4F50-85AA-DF989F98E918} = {24BAB9C1-657D-4276-98EB-B682BFBF30C8}
		{B2595627-C22A-4BD5-A6F7-EADF3E20F116} = {CF069F22-1894-4BFD-A838-6B99F767A60B}
		{4278C760-FF84-42D1-84F5-310C026C8628} = {F98BDF0B-EDAA-4DA7-9D37-FD385D31DD26}
	EndGlobalSection
	GlobalSection(ExtensibilityGlobals) = postSolution
		SolutionGuid = {FCCEA207-C96C-455D-8AA1-3AF252ACB80D}
	EndGlobalSection
EndGlobal
